
Microsoft Visual Studio Solution File, Format Version 12.00
# Visual Studio Version 17
VisualStudioVersion = 17.3.32929.385
MinimumVisualStudioVersion = 10.0.40219.1
Project("{9A19103F-16F7-4668-BE54-9A1E7A4F7556}") = "WebApiLearning", "WebApiLearning\WebApiLearning.csproj", "{5F2B80DC-034D-4684-AB7F-AC336B05964D}"
EndProject
Project("{FAE04EC0-301F-11D3-BF4B-00C04F79EFBC}") = "TestAPI", "TestAPI\TestAPI.csproj", "{ED2F4EE9-458A-4035-AA23-335738AED8BC}"
EndProject
Global
	GlobalSection(SolutionConfigurationPlatforms) = preSolution
		Debug|Any CPU = Debug|Any CPU
		Release|Any CPU = Release|Any CPU
	EndGlobalSection
	GlobalSection(ProjectConfigurationPlatforms) = postSolution
		{5F2B80DC-034D-4684-AB7F-AC336B05964D}.Debug|Any CPU.ActiveCfg = Debug|Any CPU
		{5F2B80DC-034D-4684-AB7F-AC336B05964D}.Debug|Any CPU.Build.0 = Debug|Any CPU
		{5F2B80DC-034D-4684-AB7F-AC336B05964D}.Release|Any CPU.ActiveCfg = Release|Any CPU
		{5F2B80DC-034D-4684-AB7F-AC336B05964D}.Release|Any CPU.Build.0 = Release|Any CPU
		{ED2F4EE9-458A-4035-AA23-335738AED8BC}.Debug|Any CPU.ActiveCfg = Debug|Any CPU
		{ED2F4EE9-458A-4035-AA23-335738AED8BC}.Debug|Any CPU.Build.0 = Debug|Any CPU
		{ED2F4EE9-458A-4035-AA23-335738AED8BC}.Release|Any CPU.ActiveCfg = Release|Any CPU
		{ED2F4EE9-458A-4035-AA23-335738AED8BC}.Release|Any CPU.Build.0 = Release|Any CPU
	EndGlobalSection
	GlobalSection(SolutionProperties) = preSolution
		HideSolutionNode = FALSE
	EndGlobalSection
	GlobalSection(ExtensibilityGlobals) = postSolution
		SolutionGuid = {CE3CD022-7CC4-4A1F-96D1-DB40857E3856}
	EndGlobalSection
EndGlobal
